<?xml version="1.0" encoding="utf-8"?>
<Project ToolsVersion="4.0" xmlns="http://schemas.microsoft.com/developer/msbuild/2003">
  <ItemGroup>
    <Filter Include="OpenGL">
      <UniqueIdentifier>{ba47448c-502d-4a46-a878-452ca1cc3e29}</UniqueIdentifier>
    </Filter>
  </ItemGroup>
  <ItemGroup>
    <ClInclude Include="World.h" />
    <ClInclude Include="Buffer.h">
      <Filter>OpenGL</Filter>
    </ClInclude>
    <ClInclude Include="CommandBuffer.h">
      <Filter>OpenGL</Filter>
    </ClInclude>
    <ClInclude Include="Framebuffer.h">
      <Filter>OpenGL</Filter>
    </ClInclude>
    <ClInclude Include="GLResource.h">
      <Filter>OpenGL</Filter>
    </ClInclude>
    <ClInclude Include="Pipeline.h">
      <Filter>OpenGL</Filter>
    </ClInclude>
    <ClInclude Include="Sampler.h">
      <Filter>OpenGL</Filter>
    </ClInclude>
    <ClInclude Include="Shader.h">
      <Filter>OpenGL</Filter>
    </ClInclude>
    <ClInclude Include="ShaderConstants.h">
      <Filter>OpenGL</Filter>
    </ClInclude>
    <ClInclude Include="ShaderDescriptor.h">
      <Filter>OpenGL</Filter>
    </ClInclude>
    <ClInclude Include="Texture.h">
      <Filter>OpenGL</Filter>
    </ClInclude>
    <ClInclude Include="VertexArray.h">
      <Filter>OpenGL</Filter>
    </ClInclude>
    <ClInclude Include="Quad.h">
      <Filter>OpenGL</Filter>
    </ClInclude>
    <ClInclude Include="shaders.h" />
  </ItemGroup>
  <ItemGroup>
    <ClCompile Include="main.cpp" />
    <ClCompile Include="World.cpp" />
    <ClCompile Include="Buffer.cpp">
      <Filter>OpenGL</Filter>
    </ClCompile>
    <ClCompile Include="CommandBuffer.cpp">
      <Filter>OpenGL</Filter>
    </ClCompile>
    <ClCompile Include="Framebuffer.cpp">
      <Filter>OpenGL</Filter>
    </ClCompile>
    <ClCompile Include="Pipeline.cpp">
      <Filter>OpenGL</Filter>
    </ClCompile>
    <ClCompile Include="Sampler.cpp">
      <Filter>OpenGL</Filter>
    </ClCompile>
    <ClCompile Include="Shader.cpp">
      <Filter>OpenGL</Filter>
    </ClCompile>
    <ClCompile Include="ShaderConstants.cpp">
      <Filter>OpenGL</Filter>
    </ClCompile>
    <ClCompile Include="ShaderDescriptor.cpp">
      <Filter>OpenGL</Filter>
    </ClCompile>
    <ClCompile Include="Texture.cpp">
      <Filter>OpenGL</Filter>
    </ClCompile>
    <ClCompile Include="VertexArray.cpp">
      <Filter>OpenGL</Filter>
    </ClCompile>
  </ItemGroup>
</Project>